// !$*UTF8*$!
{
	archiveVersion = 1;
	classes = {
	};
	objectVersion = 48;
	objects = {

/* Begin PBXBuildFile section */
		84256C75221057F300AD5874 /* AppDelegate.swift in Sources */ = {isa = PBXBuildFile; fileRef = 84256C74221057F300AD5874 /* AppDelegate.swift */; };
		84256C77221057F300AD5874 /* ViewController.swift in Sources */ = {isa = PBXBuildFile; fileRef = 84256C76221057F300AD5874 /* ViewController.swift */; };
		84256C7A221057F300AD5874 /* Main.storyboard in Resources */ = {isa = PBXBuildFile; fileRef = 84256C78221057F300AD5874 /* Main.storyboard */; };
		84256C7D221057F300AD5874 /* TestApp.xcdatamodeld in Sources */ = {isa = PBXBuildFile; fileRef = 84256C7B221057F300AD5874 /* TestApp.xcdatamodeld */; };
		84256C7F221057F300AD5874 /* Assets.xcassets in Resources */ = {isa = PBXBuildFile; fileRef = 84256C7E221057F300AD5874 /* Assets.xcassets */; };
		84256C82221057F300AD5874 /* LaunchScreen.storyboard in Resources */ = {isa = PBXBuildFile; fileRef = 84256C80221057F300AD5874 /* LaunchScreen.storyboard */; };
		84256C8D221057F300AD5874 /* TestAppTests.swift in Sources */ = {isa = PBXBuildFile; fileRef = 84256C8C221057F300AD5874 /* TestAppTests.swift */; };
		84256C98221057F300AD5874 /* TestAppUITests.swift in Sources */ = {isa = PBXBuildFile; fileRef = 84256C97221057F300AD5874 /* TestAppUITests.swift */; };
		8478245522170FF80033925B /* MyWebViewController.swift in Sources */ = {isa = PBXBuildFile; fileRef = 8478245422170FF80033925B /* MyWebViewController.swift */; };
		848CE6F42216F5B600CA42FF /* LocalController.swift in Sources */ = {isa = PBXBuildFile; fileRef = 848CE6F32216F5B600CA42FF /* LocalController.swift */; };
		8497209822130A5B00EA78F7 /* MusicController.swift in Sources */ = {isa = PBXBuildFile; fileRef = 8497209722130A5B00EA78F7 /* MusicController.swift */; };
		8497209B22130FFB00EA78F7 /* AVFoundation.framework in Frameworks */ = {isa = PBXBuildFile; fileRef = 8497209A22130FFB00EA78F7 /* AVFoundation.framework */; };
		8497209D2213110300EA78F7 /* music.mp3 in Resources */ = {isa = PBXBuildFile; fileRef = 8497209C2213110200EA78F7 /* music.mp3 */; };
		8497209F2213132200EA78F7 /* MediaPlayer.framework in Frameworks */ = {isa = PBXBuildFile; fileRef = 8497209E2213132200EA78F7 /* MediaPlayer.framework */; };
		849720A122131AC000EA78F7 /* bird.jpg in Resources */ = {isa = PBXBuildFile; fileRef = 849720A022131ABE00EA78F7 /* bird.jpg */; };
		84B68E8B2217002B00F89A49 /* GoeIPModel.swift in Sources */ = {isa = PBXBuildFile; fileRef = 84B68E8A2217002B00F89A49 /* GoeIPModel.swift */; };
		84EC17FE2211ABC600CF1E21 /* TableViewController.swift in Sources */ = {isa = PBXBuildFile; fileRef = 84EC17FD2211ABC600CF1E21 /* TableViewController.swift */; };
		84EC18002211BCAC00CF1E21 /* MyTableviewController.swift in Sources */ = {isa = PBXBuildFile; fileRef = 84EC17FF2211BCAC00CF1E21 /* MyTableviewController.swift */; };
		84F9B12B2215A85300A4CD17 /* my_data_core.xcdatamodeld in Sources */ = {isa = PBXBuildFile; fileRef = 84F9B1292215A85300A4CD17 /* my_data_core.xcdatamodeld */; };
/* End PBXBuildFile section */

/* Begin PBXContainerItemProxy section */
		84256C89221057F300AD5874 /* PBXContainerItemProxy */ = {
			isa = PBXContainerItemProxy;
			containerPortal = 84256C69221057F200AD5874 /* Project object */;
			proxyType = 1;
			remoteGlobalIDString = 84256C70221057F300AD5874;
			remoteInfo = TestApp;
		};
		84256C94221057F300AD5874 /* PBXContainerItemProxy */ = {
			isa = PBXContainerItemProxy;
			containerPortal = 84256C69221057F200AD5874 /* Project object */;
			proxyType = 1;
			remoteGlobalIDString = 84256C70221057F300AD5874;
			remoteInfo = TestApp;
		};
/* End PBXContainerItemProxy section */

/* Begin PBXFileReference section */
		84256C71221057F300AD5874 /* TestApp.app */ = {isa = PBXFileReference; explicitFileType = wrapper.application; includeInIndex = 0; path = TestApp.app; sourceTree = BUILT_PRODUCTS_DIR; };
		84256C74221057F300AD5874 /* AppDelegate.swift */ = {isa = PBXFileReference; lastKnownFileType = sourcecode.swift; path = AppDelegate.swift; sourceTree = "<group>"; };
		84256C76221057F300AD5874 /* ViewController.swift */ = {isa = PBXFileReference; fileEncoding = 4; lastKnownFileType = sourcecode.swift; path = ViewController.swift; sourceTree = "<group>"; usesTabs = 0; };
		84256C79221057F300AD5874 /* Base */ = {isa = PBXFileReference; lastKnownFileType = file.storyboard; name = Base; path = Base.lproj/Main.storyboard; sourceTree = "<group>"; };
		84256C7C221057F300AD5874 /* TestApp.xcdatamodel */ = {isa = PBXFileReference; lastKnownFileType = wrapper.xcdatamodel; path = TestApp.xcdatamodel; sourceTree = "<group>"; };
		84256C7E221057F300AD5874 /* Assets.xcassets */ = {isa = PBXFileReference; lastKnownFileType = folder.assetcatalog; path = Assets.xcassets; sourceTree = "<group>"; };
		84256C81221057F300AD5874 /* Base */ = {isa = PBXFileReference; lastKnownFileType = file.storyboard; name = Base; path = Base.lproj/LaunchScreen.storyboard; sourceTree = "<group>"; };
		84256C83221057F300AD5874 /* Info.plist */ = {isa = PBXFileReference; lastKnownFileType = text.plist.xml; path = Info.plist; sourceTree = "<group>"; };
		84256C88221057F300AD5874 /* TestAppTests.xctest */ = {isa = PBXFileReference; explicitFileType = wrapper.cfbundle; includeInIndex = 0; path = TestAppTests.xctest; sourceTree = BUILT_PRODUCTS_DIR; };
		84256C8C221057F300AD5874 /* TestAppTests.swift */ = {isa = PBXFileReference; lastKnownFileType = sourcecode.swift; path = TestAppTests.swift; sourceTree = "<group>"; };
		84256C8E221057F300AD5874 /* Info.plist */ = {isa = PBXFileReference; lastKnownFileType = text.plist.xml; path = Info.plist; sourceTree = "<group>"; };
		84256C93221057F300AD5874 /* TestAppUITests.xctest */ = {isa = PBXFileReference; explicitFileType = wrapper.cfbundle; includeInIndex = 0; path = TestAppUITests.xctest; sourceTree = BUILT_PRODUCTS_DIR; };
		84256C97221057F300AD5874 /* TestAppUITests.swift */ = {isa = PBXFileReference; lastKnownFileType = sourcecode.swift; path = TestAppUITests.swift; sourceTree = "<group>"; };
		84256C99221057F300AD5874 /* Info.plist */ = {isa = PBXFileReference; lastKnownFileType = text.plist.xml; path = Info.plist; sourceTree = "<group>"; };
		8478245422170FF80033925B /* MyWebViewController.swift */ = {isa = PBXFileReference; lastKnownFileType = sourcecode.swift; path = MyWebViewController.swift; sourceTree = "<group>"; };
		848CE6F32216F5B600CA42FF /* LocalController.swift */ = {isa = PBXFileReference; lastKnownFileType = sourcecode.swift; path = LocalController.swift; sourceTree = "<group>"; };
		8497209722130A5B00EA78F7 /* MusicController.swift */ = {isa = PBXFileReference; lastKnownFileType = sourcecode.swift; path = MusicController.swift; sourceTree = "<group>"; };
		8497209A22130FFB00EA78F7 /* AVFoundation.framework */ = {isa = PBXFileReference; lastKnownFileType = wrapper.framework; name = AVFoundation.framework; path = System/Library/Frameworks/AVFoundation.framework; sourceTree = SDKROOT; };
		8497209C2213110200EA78F7 /* music.mp3 */ = {isa = PBXFileReference; lastKnownFileType = audio.mp3; name = music.mp3; path = ../../music.mp3; sourceTree = "<group>"; };
		8497209E2213132200EA78F7 /* MediaPlayer.framework */ = {isa = PBXFileReference; lastKnownFileType = wrapper.framework; name = MediaPlayer.framework; path = System/Library/Frameworks/MediaPlayer.framework; sourceTree = SDKROOT; };
		849720A022131ABE00EA78F7 /* bird.jpg */ = {isa = PBXFileReference; lastKnownFileType = image.jpeg; name = bird.jpg; path = ../bird.jpg; sourceTree = "<group>"; };
		849720A222131AC600EA78F7 /* bird.jpg */ = {isa = PBXFileReference; lastKnownFileType = image.jpeg; path = bird.jpg; sourceTree = "<group>"; };
		84B68E8A2217002B00F89A49 /* GoeIPModel.swift */ = {isa = PBXFileReference; lastKnownFileType = sourcecode.swift; path = GoeIPModel.swift; sourceTree = "<group>"; };
		84EC17FD2211ABC600CF1E21 /* TableViewController.swift */ = {isa = PBXFileReference; lastKnownFileType = sourcecode.swift; path = TableViewController.swift; sourceTree = "<group>"; };
		84EC17FF2211BCAC00CF1E21 /* MyTableviewController.swift */ = {isa = PBXFileReference; lastKnownFileType = sourcecode.swift; name = MyTableviewController.swift; path = TestApp/MyTableviewController.swift; sourceTree = "<group>"; };
		84F9B12A2215A85300A4CD17 /* my_data_core.xcdatamodel */ = {isa = PBXFileReference; lastKnownFileType = wrapper.xcdatamodel; path = my_data_core.xcdatamodel; sourceTree = "<group>"; };
/* End PBXFileReference section */

/* Begin PBXFrameworksBuildPhase section */
		84256C6E221057F300AD5874 /* Frameworks */ = {
			isa = PBXFrameworksBuildPhase;
			buildActionMask = 2147483647;
			files = (
				8497209F2213132200EA78F7 /* MediaPlayer.framework in Frameworks */,
				8497209B22130FFB00EA78F7 /* AVFoundation.framework in Frameworks */,
			);
			runOnlyForDeploymentPostprocessing = 0;
		};
		84256C85221057F300AD5874 /* Frameworks */ = {
			isa = PBXFrameworksBuildPhase;
			buildActionMask = 2147483647;
			files = (
			);
			runOnlyForDeploymentPostprocessing = 0;
		};
		84256C90221057F300AD5874 /* Frameworks */ = {
			isa = PBXFrameworksBuildPhase;
			buildActionMask = 2147483647;
			files = (
			);
			runOnlyForDeploymentPostprocessing = 0;
		};
/* End PBXFrameworksBuildPhase section */

/* Begin PBXGroup section */
		84256C68221057F200AD5874 = {
			isa = PBXGroup;
			children = (
				849720A022131ABE00EA78F7 /* bird.jpg */,
				84EC17FF2211BCAC00CF1E21 /* MyTableviewController.swift */,
				84256C73221057F300AD5874 /* TestApp */,
				84256C8B221057F300AD5874 /* TestAppTests */,
				84256C96221057F300AD5874 /* TestAppUITests */,
				84256C72221057F300AD5874 /* Products */,
				8497209922130FF900EA78F7 /* Frameworks */,
			);
			sourceTree = "<group>";
		};
		84256C72221057F300AD5874 /* Products */ = {
			isa = PBXGroup;
			children = (
				84256C71221057F300AD5874 /* TestApp.app */,
				84256C88221057F300AD5874 /* TestAppTests.xctest */,
				84256C93221057F300AD5874 /* TestAppUITests.xctest */,
			);
			name = Products;
			sourceTree = "<group>";
		};
		84256C73221057F300AD5874 /* TestApp */ = {
			isa = PBXGroup;
			children = (
				8478245422170FF80033925B /* MyWebViewController.swift */,
				84B68E8A2217002B00F89A49 /* GoeIPModel.swift */,
				848CE6F32216F5B600CA42FF /* LocalController.swift */,
				84F9B1292215A85300A4CD17 /* my_data_core.xcdatamodeld */,
				849720A222131AC600EA78F7 /* bird.jpg */,
				8497209C2213110200EA78F7 /* music.mp3 */,
				8497209722130A5B00EA78F7 /* MusicController.swift */,
				84EC17FD2211ABC600CF1E21 /* TableViewController.swift */,
				84256C74221057F300AD5874 /* AppDelegate.swift */,
				84256C76221057F300AD5874 /* ViewController.swift */,
				84256C78221057F300AD5874 /* Main.storyboard */,
				84256C7E221057F300AD5874 /* Assets.xcassets */,
				84256C80221057F300AD5874 /* LaunchScreen.storyboard */,
				84256C83221057F300AD5874 /* Info.plist */,
				84256C7B221057F300AD5874 /* TestApp.xcdatamodeld */,
			);
			path = TestApp;
			sourceTree = "<group>";
		};
		84256C8B221057F300AD5874 /* TestAppTests */ = {
			isa = PBXGroup;
			children = (
				84256C8C221057F300AD5874 /* TestAppTests.swift */,
				84256C8E221057F300AD5874 /* Info.plist */,
			);
			path = TestAppTests;
			sourceTree = "<group>";
		};
		84256C96221057F300AD5874 /* TestAppUITests */ = {
			isa = PBXGroup;
			children = (
				84256C97221057F300AD5874 /* TestAppUITests.swift */,
				84256C99221057F300AD5874 /* Info.plist */,
			);
			path = TestAppUITests;
			sourceTree = "<group>";
		};
		8497209922130FF900EA78F7 /* Frameworks */ = {
			isa = PBXGroup;
			children = (
				8497209E2213132200EA78F7 /* MediaPlayer.framework */,
				8497209A22130FFB00EA78F7 /* AVFoundation.framework */,
			);
			name = Frameworks;
			sourceTree = "<group>";
		};
/* End PBXGroup section */

/* Begin PBXNativeTarget section */
		84256C70221057F300AD5874 /* TestApp */ = {
			isa = PBXNativeTarget;
			buildConfigurationList = 84256C9C221057F300AD5874 /* Build configuration list for PBXNativeTarget "TestApp" */;
			buildPhases = (
				84256C6D221057F300AD5874 /* Sources */,
				84256C6E221057F300AD5874 /* Frameworks */,
				84256C6F221057F300AD5874 /* Resources */,
			);
			buildRules = (
			);
			dependencies = (
			);
			name = TestApp;
			productName = TestApp;
			productReference = 84256C71221057F300AD5874 /* TestApp.app */;
			productType = "com.apple.product-type.application";
		};
		84256C87221057F300AD5874 /* TestAppTests */ = {
			isa = PBXNativeTarget;
			buildConfigurationList = 84256C9F221057F300AD5874 /* Build configuration list for PBXNativeTarget "TestAppTests" */;
			buildPhases = (
				84256C84221057F300AD5874 /* Sources */,
				84256C85221057F300AD5874 /* Frameworks */,
				84256C86221057F300AD5874 /* Resources */,
			);
			buildRules = (
			);
			dependencies = (
				84256C8A221057F300AD5874 /* PBXTargetDependency */,
			);
			name = TestAppTests;
			productName = TestAppTests;
			productReference = 84256C88221057F300AD5874 /* TestAppTests.xctest */;
			productType = "com.apple.product-type.bundle.unit-test";
		};
		84256C92221057F300AD5874 /* TestAppUITests */ = {
			isa = PBXNativeTarget;
			buildConfigurationList = 84256CA2221057F300AD5874 /* Build configuration list for PBXNativeTarget "TestAppUITests" */;
			buildPhases = (
				84256C8F221057F300AD5874 /* Sources */,
				84256C90221057F300AD5874 /* Frameworks */,
				84256C91221057F300AD5874 /* Resources */,
			);
			buildRules = (
			);
			dependencies = (
				84256C95221057F300AD5874 /* PBXTargetDependency */,
			);
			name = TestAppUITests;
			productName = TestAppUITests;
			productReference = 84256C93221057F300AD5874 /* TestAppUITests.xctest */;
			productType = "com.apple.product-type.bundle.ui-testing";
		};
/* End PBXNativeTarget section */

/* Begin PBXProject section */
		84256C69221057F200AD5874 /* Project object */ = {
			isa = PBXProject;
			attributes = {
				LastSwiftUpdateCheck = 0920;
				LastUpgradeCheck = 0920;
				ORGANIZATIONNAME = Admin;
				TargetAttributes = {
					84256C70221057F300AD5874 = {
						CreatedOnToolsVersion = 9.2;
						ProvisioningStyle = Automatic;
					};
					84256C87221057F300AD5874 = {
						CreatedOnToolsVersion = 9.2;
						ProvisioningStyle = Automatic;
						TestTargetID = 84256C70221057F300AD5874;
					};
					84256C92221057F300AD5874 = {
						CreatedOnToolsVersion = 9.2;
						ProvisioningStyle = Automatic;
						TestTargetID = 84256C70221057F300AD5874;
					};
				};
			};
			buildConfigurationList = 84256C6C221057F200AD5874 /* Build configuration list for PBXProject "TestApp" */;
			compatibilityVersion = "Xcode 8.0";
			developmentRegion = en;
			hasScannedForEncodings = 0;
			knownRegions = (
				en,
				Base,
			);
			mainGroup = 84256C68221057F200AD5874;
			productRefGroup = 84256C72221057F300AD5874 /* Products */;
			projectDirPath = "";
			projectRoot = "";
			targets = (
				84256C70221057F300AD5874 /* TestApp */,
				84256C87221057F300AD5874 /* TestAppTests */,
				84256C92221057F300AD5874 /* TestAppUITests */,
			);
		};
/* End PBXProject section */

/* Begin PBXResourcesBuildPhase section */
		84256C6F221057F300AD5874 /* Resources */ = {
			isa = PBXResourcesBuildPhase;
			buildActionMask = 2147483647;
			files = (
				8497209D2213110300EA78F7 /* music.mp3 in Resources */,
				849720A122131AC000EA78F7 /* bird.jpg in Resources */,
				84256C82221057F300AD5874 /* LaunchScreen.storyboard in Resources */,
				84256C7F221057F300AD5874 /* Assets.xcassets in Resources */,
				84256C7A221057F300AD5874 /* Main.storyboard in Resources */,
			);
			runOnlyForDeploymentPostprocessing = 0;
		};
		84256C86221057F300AD5874 /* Resources */ = {
			isa = PBXResourcesBuildPhase;
			buildActionMask = 2147483647;
			files = (
			);
			runOnlyForDeploymentPostprocessing = 0;
		};
		84256C91221057F300AD5874 /* Resources */ = {
			isa = PBXResourcesBuildPhase;
			buildActionMask = 2147483647;
			files = (
			);
			runOnlyForDeploymentPostprocessing = 0;
		};
/* End PBXResourcesBuildPhase section */

/* Begin PBXSourcesBuildPhase section */
		84256C6D221057F300AD5874 /* Sources */ = {
			isa = PBXSourcesBuildPhase;
			buildActionMask = 2147483647;
			files = (
				84F9B12B2215A85300A4CD17 /* my_data_core.xcdatamodeld in Sources */,
				8478245522170FF80033925B /* MyWebViewController.swift in Sources */,
				84256C77221057F300AD5874 /* ViewController.swift in Sources */,
				84EC18002211BCAC00CF1E21 /* MyTableviewController.swift in Sources */,
				84B68E8B2217002B00F89A49 /* GoeIPModel.swift in Sources */,
				84256C7D221057F300AD5874 /* TestApp.xcdatamodeld in Sources */,
				84256C75221057F300AD5874 /* AppDelegate.swift in Sources */,
				84EC17FE2211ABC600CF1E21 /* TableViewController.swift in Sources */,
				8497209822130A5B00EA78F7 /* MusicController.swift in Sources */,
				848CE6F42216F5B600CA42FF /* LocalController.swift in Sources */,
			);
			runOnlyForDeploymentPostprocessing = 0;
		};
		84256C84221057F300AD5874 /* Sources */ = {
			isa = PBXSourcesBuildPhase;
			buildActionMask = 2147483647;
			files = (
				84256C8D221057F300AD5874 /* TestAppTests.swift in Sources */,
			);
			runOnlyForDeploymentPostprocessing = 0;
		};
		84256C8F221057F300AD5874 /* Sources */ = {
			isa = PBXSourcesBuildPhase;
			buildActionMask = 2147483647;
			files = (
				84256C98221057F300AD5874 /* TestAppUITests.swift in Sources */,
			);
			runOnlyForDeploymentPostprocessing = 0;
		};
/* End PBXSourcesBuildPhase section */

/* Begin PBXTargetDependency section */
		84256C8A221057F300AD5874 /* PBXTargetDependency */ = {
			isa = PBXTargetDependency;
			target = 84256C70221057F300AD5874 /* TestApp */;
			targetProxy = 84256C89221057F300AD5874 /* PBXContainerItemProxy */;
		};
		84256C95221057F300AD5874 /* PBXTargetDependency */ = {
			isa = PBXTargetDependency;
			target = 84256C70221057F300AD5874 /* TestApp */;
			targetProxy = 84256C94221057F300AD5874 /* PBXContainerItemProxy */;
		};
/* End PBXTargetDependency section */

/* Begin PBXVariantGroup section */
		84256C78221057F300AD5874 /* Main.storyboard */ = {
			isa = PBXVariantGroup;
			children = (
				84256C79221057F300AD5874 /* Base */,
			);
			name = Main.storyboard;
			sourceTree = "<group>";
		};
		84256C80221057F300AD5874 /* LaunchScreen.storyboard */ = {
			isa = PBXVariantGroup;
			children = (
				84256C81221057F300AD5874 /* Base */,
			);
			name = LaunchScreen.storyboard;
			sourceTree = "<group>";
		};
/* End PBXVariantGroup section */

/* Begin XCBuildConfiguration section */
		84256C9A221057F300AD5874 /* Debug */ = {
			isa = XCBuildConfiguration;
			buildSettings = {
				ALWAYS_SEARCH_USER_PATHS = NO;
				CLANG_ANALYZER_NONNULL = YES;
				CLANG_ANALYZER_NUMBER_OBJECT_CONVERSION = YES_AGGRESSIVE;
				CLANG_CXX_LANGUAGE_STANDARD = "gnu++14";
				CLANG_CXX_LIBRARY = "libc++";
				CLANG_ENABLE_MODULES = YES;
				CLANG_ENABLE_OBJC_ARC = YES;
				CLANG_WARN_BLOCK_CAPTURE_AUTORELEASING = YES;
				CLANG_WARN_BOOL_CONVERSION = YES;
				CLANG_WARN_COMMA = YES;
				CLANG_WARN_CONSTANT_CONVERSION = YES;
				CLANG_WARN_DIRECT_OBJC_ISA_USAGE = YES_ERROR;
				CLANG_WARN_DOCUMENTATION_COMMENTS = YES;
				CLANG_WARN_EMPTY_BODY = YES;
				CLANG_WARN_ENUM_CONVERSION = YES;
				CLANG_WARN_INFINITE_RECURSION = YES;
				CLANG_WARN_INT_CONVERSION = YES;
				CLANG_WARN_NON_LITERAL_NULL_CONVERSION = YES;
				CLANG_WARN_OBJC_LITERAL_CONVERSION = YES;
				CLANG_WARN_OBJC_ROOT_CLASS = YES_ERROR;
				CLANG_WARN_RANGE_LOOP_ANALYSIS = YES;
				CLANG_WARN_STRICT_PROTOTYPES = YES;
				CLANG_WARN_SUSPICIOUS_MOVE = YES;
				CLANG_WARN_UNGUARDED_AVAILABILITY = YES_AGGRESSIVE;
				CLANG_WARN_UNREACHABLE_CODE = YES;
				CLANG_WARN__DUPLICATE_METHOD_MATCH = YES;
				CODE_SIGN_IDENTITY = "iPhone Developer";
				COPY_PHASE_STRIP = NO;
				DEBUG_INFORMATION_FORMAT = dwarf;
				ENABLE_STRICT_OBJC_MSGSEND = YES;
				ENABLE_TESTABILITY = YES;
				GCC_C_LANGUAGE_STANDARD = gnu11;
				GCC_DYNAMIC_NO_PIC = NO;
				GCC_NO_COMMON_BLOCKS = YES;
				GCC_OPTIMIZATION_LEVEL = 0;
				GCC_PREPROCESSOR_DEFINITIONS = (
					"DEBUG=1",
					"$(inherited)",
				);
				GCC_WARN_64_TO_32_BIT_CONVERSION = YES;
				GCC_WARN_ABOUT_RETURN_TYPE = YES_ERROR;
				GCC_WARN_UNDECLARED_SELECTOR = YES;
				GCC_WARN_UNINITIALIZED_AUTOS = YES_AGGRESSIVE;
				GCC_WARN_UNUSED_FUNCTION = YES;
				GCC_WARN_UNUSED_VARIABLE = YES;
				IPHONEOS_DEPLOYMENT_TARGET = 11.2;
				MTL_ENABLE_DEBUG_INFO = YES;
				ONLY_ACTIVE_ARCH = YES;
				SDKROOT = iphoneos;
				SWIFT_ACTIVE_COMPILATION_CONDITIONS = DEBUG;
				SWIFT_OPTIMIZATION_LEVEL = "-Onone";
			};
			name = Debug;
		};
		84256C9B221057F300AD5874 /* Release */ = {
			isa = XCBuildConfiguration;
			buildSettings = {
				ALWAYS_SEARCH_USER_PATHS = NO;
				CLANG_ANALYZER_NONNULL = YES;
				CLANG_ANALYZER_NUMBER_OBJECT_CONVERSION = YES_AGGRESSIVE;
				CLANG_CXX_LANGUAGE_STANDARD = "gnu++14";
				CLANG_CXX_LIBRARY = "libc++";
				CLANG_ENABLE_MODULES = YES;
				CLANG_ENABLE_OBJC_ARC = YES;
				CLANG_WARN_BLOCK_CAPTURE_AUTORELEASING = YES;
				CLANG_WARN_BOOL_CONVERSION = YES;
				CLANG_WARN_COMMA = YES;
				CLANG_WARN_CONSTANT_CONVERSION = YES;
				CLANG_WARN_DIRECT_OBJC_ISA_USAGE = YES_ERROR;
				CLANG_WARN_DOCUMENTATION_COMMENTS = YES;
				CLANG_WARN_EMPTY_BODY = YES;
				CLANG_WARN_ENUM_CONVERSION = YES;
				CLANG_WARN_INFINITE_RECURSION = YES;
				CLANG_WARN_INT_CONVERSION = YES;
				CLANG_WARN_NON_LITERAL_NULL_CONVERSION = YES;
				CLANG_WARN_OBJC_LITERAL_CONVERSION = YES;
				CLANG_WARN_OBJC_ROOT_CLASS = YES_ERROR;
				CLANG_WARN_RANGE_LOOP_ANALYSIS = YES;
				CLANG_WARN_STRICT_PROTOTYPES = YES;
				CLANG_WARN_SUSPICIOUS_MOVE = YES;
				CLANG_WARN_UNGUARDED_AVAILABILITY = YES_AGGRESSIVE;
				CLANG_WARN_UNREACHABLE_CODE = YES;
				CLANG_WARN__DUPLICATE_METHOD_MATCH = YES;
				CODE_SIGN_IDENTITY = "iPhone Developer";
				COPY_PHASE_STRIP = NO;
				DEBUG_INFORMATION_FORMAT = "dwarf-with-dsym";
				ENABLE_NS_ASSERTIONS = NO;
				ENABLE_STRICT_OBJC_MSGSEND = YES;
				GCC_C_LANGUAGE_STANDARD = gnu11;
				GCC_NO_COMMON_BLOCKS = YES;
				GCC_WARN_64_TO_32_BIT_CONVERSION = YES;
				GCC_WARN_ABOUT_RETURN_TYPE = YES_ERROR;
				GCC_WARN_UNDECLARED_SELECTOR = YES;
				GCC_WARN_UNINITIALIZED_AUTOS = YES_AGGRESSIVE;
				GCC_WARN_UNUSED_FUNCTION = YES;
				GCC_WARN_UNUSED_VARIABLE = YES;
				IPHONEOS_DEPLOYMENT_TARGET = 11.2;
				MTL_ENABLE_DEBUG_INFO = NO;
				SDKROOT = iphoneos;
				SWIFT_OPTIMIZATION_LEVEL = "-Owholemodule";
				VALIDATE_PRODUCT = YES;
			};
			name = Release;
		};
		84256C9D221057F300AD5874 /* Debug */ = {
			isa = XCBuildConfiguration;
			buildSettings = {
				ASSETCATALOG_COMPILER_APPICON_NAME = AppIcon;
				CODE_SIGN_STYLE = Automatic;
				DEVELOPMENT_TEAM = ZMSP8WA47J;
				INFOPLIST_FILE = TestApp/Info.plist;
				LD_RUNPATH_SEARCH_PATHS = "$(inherited) @executable_path/Frameworks";
				PRODUCT_BUNDLE_IDENTIFIER = Bsitezone.TestApp;
				PRODUCT_NAME = "$(TARGET_NAME)";
				SWIFT_VERSION = 4.0;
				TARGETED_DEVICE_FAMILY = "1,2";
			};
			name = Debug;
		};
		84256C9E221057F300AD5874 /* Release */ = {
			isa = XCBuildConfiguration;
			buildSettings = {
				ASSETCATALOG_COMPILER_APPICON_NAME = AppIcon;
				CODE_SIGN_STYLE = Automatic;
				DEVELOPMENT_TEAM = ZMSP8WA47J;
				INFOPLIST_FILE = TestApp/Info.plist;
				LD_RUNPATH_SEARCH_PATHS = "$(inherited) @executable_path/Frameworks";
				PRODUCT_BUNDLE_IDENTIFIER = Bsitezone.TestApp;
				PRODUCT_NAME = "$(TARGET_NAME)";
				SWIFT_VERSION = 4.0;
				TARGETED_DEVICE_FAMILY = "1,2";
			};
			name = Release;
		};
		84256CA0221057F300AD5874 /* Debug */ = {
			isa = XCBuildConfiguration;
			buildSettings = {
				ALWAYS_EMBED_SWIFT_STANDARD_LIBRARIES = YES;
				BUNDLE_LOADER = "$(TEST_HOST)";
				CODE_SIGN_STYLE = Automatic;
				DEVELOPMENT_TEAM = ZMSP8WA47J;
				INFOPLIST_FILE = TestAppTests/Info.plist;
				LD_RUNPATH_SEARCH_PATHS = "$(inherited) @executable_path/Frameworks @loader_path/Frameworks";
				PRODUCT_BUNDLE_IDENTIFIER = Bsitezone.TestAppTests;
				PRODUCT_NAME = "$(TARGET_NAME)";
				SWIFT_VERSION = 4.0;
				TARGETED_DEVICE_FAMILY = "1,2";
				TEST_HOST = "$(BUILT_PRODUCTS_DIR)/TestApp.app/TestApp";
			};
			name = Debug;
		};
		84256CA1221057F300AD5874 /* Release */ = {
			isa = XCBuildConfiguration;
			buildSettings = {
				ALWAYS_EMBED_SWIFT_STANDARD_LIBRARIES = YES;
				BUNDLE_LOADER = "$(TEST_HOST)";
				CODE_SIGN_STYLE = Automatic;
				DEVELOPMENT_TEAM = ZMSP8WA47J;
				INFOPLIST_FILE = TestAppTests/Info.plist;
				LD_RUNPATH_SEARCH_PATHS = "$(inherited) @executable_path/Frameworks @loader_path/Frameworks";
				PRODUCT_BUNDLE_IDENTIFIER = Bsitezone.TestAppTests;
				PRODUCT_NAME = "$(TARGET_NAME)";
				SWIFT_VERSION = 4.0;
				TARGETED_DEVICE_FAMILY = "1,2";
				TEST_HOST = "$(BUILT_PRODUCTS_DIR)/TestApp.app/TestApp";
			};
			name = Release;
		};
		84256CA3221057F300AD5874 /* Debug */ = {
			isa = XCBuildConfiguration;
			buildSettings = {
				ALWAYS_EMBED_SWIFT_STANDARD_LIBRARIES = YES;
				CODE_SIGN_STYLE = Automatic;
				DEVELOPMENT_TEAM = ZMSP8WA47J;
				INFOPLIST_FILE = TestAppUITests/Info.plist;
				LD_RUNPATH_SEARCH_PATHS = "$(inherited) @executable_path/Frameworks @loader_path/Frameworks";
				PRODUCT_BUNDLE_IDENTIFIER = Bsitezone.TestAppUITests;
				PRODUCT_NAME = "$(TARGET_NAME)";
				SWIFT_VERSION = 4.0;
				TARGETED_DEVICE_FAMILY = "1,2";
				TEST_TARGET_NAME = TestApp;
			};
			name = Debug;
		};
		84256CA4221057F300AD5874 /* Release */ = {
			isa = XCBuildConfiguration;
			buildSettings = {
				ALWAYS_EMBED_SWIFT_STANDARD_LIBRARIES = YES;
				CODE_SIGN_STYLE = Automatic;
				DEVELOPMENT_TEAM = ZMSP8WA47J;
				INFOPLIST_FILE = TestAppUITests/Info.plist;
				LD_RUNPATH_SEARCH_PATHS = "$(inherited) @executable_path/Frameworks @loader_path/Frameworks";
				PRODUCT_BUNDLE_IDENTIFIER = Bsitezone.TestAppUITests;
				PRODUCT_NAME = "$(TARGET_NAME)";
				SWIFT_VERSION = 4.0;
				TARGETED_DEVICE_FAMILY = "1,2";
				TEST_TARGET_NAME = TestApp;
			};
			name = Release;
		};
/* End XCBuildConfiguration section */

/* Begin XCConfigurationList section */
		84256C6C221057F200AD5874 /* Build configuration list for PBXProject "TestApp" */ = {
			isa = XCConfigurationList;
			buildConfigurations = (
				84256C9A221057F300AD5874 /* Debug */,
				84256C9B221057F300AD5874 /* Release */,
			);
			defaultConfigurationIsVisible = 0;
			defaultConfigurationName = Release;
		};
		84256C9C221057F300AD5874 /* Build configuration list for PBXNativeTarget "TestApp" */ = {
			isa = XCConfigurationList;
			buildConfigurations = (
				84256C9D221057F300AD5874 /* Debug */,
				84256C9E221057F300AD5874 /* Release */,
			);
			defaultConfigurationIsVisible = 0;
			defaultConfigurationName = Release;
		};
		84256C9F221057F300AD5874 /* Build configuration list for PBXNativeTarget "TestAppTests" */ = {
			isa = XCConfigurationList;
			buildConfigurations = (
				84256CA0221057F300AD5874 /* Debug */,
				84256CA1221057F300AD5874 /* Release */,
			);
			defaultConfigurationIsVisible = 0;
			defaultConfigurationName = Release;
		};
		84256CA2221057F300AD5874 /* Build configuration list for PBXNativeTarget "TestAppUITests" */ = {
			isa = XCConfigurationList;
			buildConfigurations = (
				84256CA3221057F300AD5874 /* Debug */,
				84256CA4221057F300AD5874 /* Release */,
			);
			defaultConfigurationIsVisible = 0;
			defaultConfigurationName = Release;
		};
/* End XCConfigurationList section */

/* Begin XCVersionGroup section */
		84256C7B221057F300AD5874 /* TestApp.xcdatamodeld */ = {
			isa = XCVersionGroup;
			children = (
				84256C7C221057F300AD5874 /* TestApp.xcdatamodel */,
			);
			currentVersion = 84256C7C221057F300AD5874 /* TestApp.xcdatamodel */;
			path = TestApp.xcdatamodeld;
			sourceTree = "<group>";
			versionGroupType = wrapper.xcdatamodel;
		};
		84F9B1292215A85300A4CD17 /* my_data_core.xcdatamodeld */ = {
			isa = XCVersionGroup;
			children = (
				84F9B12A2215A85300A4CD17 /* my_data_core.xcdatamodel */,
			);
			currentVersion = 84F9B12A2215A85300A4CD17 /* my_data_core.xcdatamodel */;
			path = my_data_core.xcdatamodeld;
			sourceTree = "<group>";
			versionGroupType = wrapper.xcdatamodel;
		};
/* End XCVersionGroup section */
	};
	rootObject = 84256C69221057F200AD5874 /* Project object */;
}
